// !$*UTF8*$!
{
	archiveVersion = 1;
	classes = {
	};
	objectVersion = 50;
	objects = {

/* Begin PBXBuildFile section */
		785DBAC8223CC56A00E435D5 /* TrackNode.swift in Sources */ = {isa = PBXBuildFile; fileRef = 785DBAC7223CC56A00E435D5 /* TrackNode.swift */; };
		785DBACA223CCDF200E435D5 /* StationNode.swift in Sources */ = {isa = PBXBuildFile; fileRef = 785DBAC9223CCDF200E435D5 /* StationNode.swift */; };
		785DBACC223CD1F200E435D5 /* BlockNode.swift in Sources */ = {isa = PBXBuildFile; fileRef = 785DBACB223CD1F200E435D5 /* BlockNode.swift */; };
		785DBACE223CD26100E435D5 /* TrainNode.swift in Sources */ = {isa = PBXBuildFile; fileRef = 785DBACD223CD26100E435D5 /* TrainNode.swift */; };
		78E62B9A223CA89D00E5D352 /* AppDelegate.swift in Sources */ = {isa = PBXBuildFile; fileRef = 78E62B99223CA89D00E5D352 /* AppDelegate.swift */; };
		78E62B9C223CA89D00E5D352 /* GameScene.sks in Resources */ = {isa = PBXBuildFile; fileRef = 78E62B9B223CA89D00E5D352 /* GameScene.sks */; };
		78E62B9E223CA89D00E5D352 /* Actions.sks in Resources */ = {isa = PBXBuildFile; fileRef = 78E62B9D223CA89D00E5D352 /* Actions.sks */; };
		78E62BA0223CA89D00E5D352 /* GameScene.swift in Sources */ = {isa = PBXBuildFile; fileRef = 78E62B9F223CA89D00E5D352 /* GameScene.swift */; };
		78E62BA2223CA89D00E5D352 /* GameViewController.swift in Sources */ = {isa = PBXBuildFile; fileRef = 78E62BA1223CA89D00E5D352 /* GameViewController.swift */; };
		78E62BA5223CA89D00E5D352 /* Main.storyboard in Resources */ = {isa = PBXBuildFile; fileRef = 78E62BA3223CA89D00E5D352 /* Main.storyboard */; };
		78E62BA7223CA89D00E5D352 /* Assets.xcassets in Resources */ = {isa = PBXBuildFile; fileRef = 78E62BA6223CA89D00E5D352 /* Assets.xcassets */; };
		78E62BAA223CA89D00E5D352 /* LaunchScreen.storyboard in Resources */ = {isa = PBXBuildFile; fileRef = 78E62BA8223CA89D00E5D352 /* LaunchScreen.storyboard */; };
		78E62BB5223CA89E00E5D352 /* test1Tests.swift in Sources */ = {isa = PBXBuildFile; fileRef = 78E62BB4223CA89E00E5D352 /* test1Tests.swift */; };
		78E62BC0223CA89E00E5D352 /* test1UITests.swift in Sources */ = {isa = PBXBuildFile; fileRef = 78E62BBF223CA89E00E5D352 /* test1UITests.swift */; };
/* End PBXBuildFile section */

/* Begin PBXContainerItemProxy section */
		78E62BB1223CA89D00E5D352 /* PBXContainerItemProxy */ = {
			isa = PBXContainerItemProxy;
			containerPortal = 78E62B8E223CA89D00E5D352 /* Project object */;
			proxyType = 1;
			remoteGlobalIDString = 78E62B95223CA89D00E5D352;
			remoteInfo = test1;
		};
		78E62BBC223CA89E00E5D352 /* PBXContainerItemProxy */ = {
			isa = PBXContainerItemProxy;
			containerPortal = 78E62B8E223CA89D00E5D352 /* Project object */;
			proxyType = 1;
			remoteGlobalIDString = 78E62B95223CA89D00E5D352;
			remoteInfo = test1;
		};
/* End PBXContainerItemProxy section */

/* Begin PBXFileReference section */
		785DBAC7223CC56A00E435D5 /* TrackNode.swift */ = {isa = PBXFileReference; lastKnownFileType = sourcecode.swift; path = TrackNode.swift; sourceTree = "<group>"; };
		785DBAC9223CCDF200E435D5 /* StationNode.swift */ = {isa = PBXFileReference; lastKnownFileType = sourcecode.swift; path = StationNode.swift; sourceTree = "<group>"; };
		785DBACB223CD1F200E435D5 /* BlockNode.swift */ = {isa = PBXFileReference; lastKnownFileType = sourcecode.swift; path = BlockNode.swift; sourceTree = "<group>"; };
		785DBACD223CD26100E435D5 /* TrainNode.swift */ = {isa = PBXFileReference; lastKnownFileType = sourcecode.swift; path = TrainNode.swift; sourceTree = "<group>"; };
		78E62B96223CA89D00E5D352 /* test1.app */ = {isa = PBXFileReference; explicitFileType = wrapper.application; includeInIndex = 0; path = test1.app; sourceTree = BUILT_PRODUCTS_DIR; };
		78E62B99223CA89D00E5D352 /* AppDelegate.swift */ = {isa = PBXFileReference; lastKnownFileType = sourcecode.swift; path = AppDelegate.swift; sourceTree = "<group>"; };
		78E62B9B223CA89D00E5D352 /* GameScene.sks */ = {isa = PBXFileReference; lastKnownFileType = file.sks; path = GameScene.sks; sourceTree = "<group>"; };
		78E62B9D223CA89D00E5D352 /* Actions.sks */ = {isa = PBXFileReference; lastKnownFileType = file.sks; path = Actions.sks; sourceTree = "<group>"; };
		78E62B9F223CA89D00E5D352 /* GameScene.swift */ = {isa = PBXFileReference; lastKnownFileType = sourcecode.swift; path = GameScene.swift; sourceTree = "<group>"; };
		78E62BA1223CA89D00E5D352 /* GameViewController.swift */ = {isa = PBXFileReference; lastKnownFileType = sourcecode.swift; path = GameViewController.swift; sourceTree = "<group>"; };
		78E62BA4223CA89D00E5D352 /* Base */ = {isa = PBXFileReference; lastKnownFileType = file.storyboard; name = Base; path = Base.lproj/Main.storyboard; sourceTree = "<group>"; };
		78E62BA6223CA89D00E5D352 /* Assets.xcassets */ = {isa = PBXFileReference; lastKnownFileType = folder.assetcatalog; path = Assets.xcassets; sourceTree = "<group>"; };
		78E62BA9223CA89D00E5D352 /* Base */ = {isa = PBXFileReference; lastKnownFileType = file.storyboard; name = Base; path = Base.lproj/LaunchScreen.storyboard; sourceTree = "<group>"; };
		78E62BAB223CA89D00E5D352 /* Info.plist */ = {isa = PBXFileReference; lastKnownFileType = text.plist.xml; path = Info.plist; sourceTree = "<group>"; };
		78E62BB0223CA89D00E5D352 /* test1Tests.xctest */ = {isa = PBXFileReference; explicitFileType = wrapper.cfbundle; includeInIndex = 0; path = test1Tests.xctest; sourceTree = BUILT_PRODUCTS_DIR; };
		78E62BB4223CA89E00E5D352 /* test1Tests.swift */ = {isa = PBXFileReference; lastKnownFileType = sourcecode.swift; path = test1Tests.swift; sourceTree = "<group>"; };
		78E62BB6223CA89E00E5D352 /* Info.plist */ = {isa = PBXFileReference; lastKnownFileType = text.plist.xml; path = Info.plist; sourceTree = "<group>"; };
		78E62BBB223CA89E00E5D352 /* test1UITests.xctest */ = {isa = PBXFileReference; explicitFileType = wrapper.cfbundle; includeInIndex = 0; path = test1UITests.xctest; sourceTree = BUILT_PRODUCTS_DIR; };
		78E62BBF223CA89E00E5D352 /* test1UITests.swift */ = {isa = PBXFileReference; lastKnownFileType = sourcecode.swift; path = test1UITests.swift; sourceTree = "<group>"; };
		78E62BC1223CA89E00E5D352 /* Info.plist */ = {isa = PBXFileReference; lastKnownFileType = text.plist.xml; path = Info.plist; sourceTree = "<group>"; };
/* End PBXFileReference section */

/* Begin PBXFrameworksBuildPhase section */
		78E62B93223CA89D00E5D352 /* Frameworks */ = {
			isa = PBXFrameworksBuildPhase;
			buildActionMask = 2147483647;
			files = (
			);
			runOnlyForDeploymentPostprocessing = 0;
		};
		78E62BAD223CA89D00E5D352 /* Frameworks */ = {
			isa = PBXFrameworksBuildPhase;
			buildActionMask = 2147483647;
			files = (
			);
			runOnlyForDeploymentPostprocessing = 0;
		};
		78E62BB8223CA89E00E5D352 /* Frameworks */ = {
			isa = PBXFrameworksBuildPhase;
			buildActionMask = 2147483647;
			files = (
			);
			runOnlyForDeploymentPostprocessing = 0;
		};
/* End PBXFrameworksBuildPhase section */

/* Begin PBXGroup section */
		785DBAC6223CC53B00E435D5 /* Node */ = {
			isa = PBXGroup;
			children = (
				785DBAC7223CC56A00E435D5 /* TrackNode.swift */,
				785DBAC9223CCDF200E435D5 /* StationNode.swift */,
				785DBACB223CD1F200E435D5 /* BlockNode.swift */,
				785DBACD223CD26100E435D5 /* TrainNode.swift */,
			);
			path = Node;
			sourceTree = "<group>";
		};
		785DBACF223D2FA200E435D5 /* Manager */ = {
			isa = PBXGroup;
			children = (
			);
			path = Manager;
			sourceTree = "<group>";
		};
		78E62B8D223CA89D00E5D352 = {
			isa = PBXGroup;
			children = (
				78E62B98223CA89D00E5D352 /* test1 */,
				78E62BB3223CA89E00E5D352 /* test1Tests */,
				78E62BBE223CA89E00E5D352 /* test1UITests */,
				78E62B97223CA89D00E5D352 /* Products */,
			);
			sourceTree = "<group>";
		};
		78E62B97223CA89D00E5D352 /* Products */ = {
			isa = PBXGroup;
			children = (
				78E62B96223CA89D00E5D352 /* test1.app */,
				78E62BB0223CA89D00E5D352 /* test1Tests.xctest */,
				78E62BBB223CA89E00E5D352 /* test1UITests.xctest */,
			);
			name = Products;
			sourceTree = "<group>";
		};
		78E62B98223CA89D00E5D352 /* test1 */ = {
			isa = PBXGroup;
			children = (
				785DBACF223D2FA200E435D5 /* Manager */,
				785DBAC6223CC53B00E435D5 /* Node */,
				78E62B99223CA89D00E5D352 /* AppDelegate.swift */,
				78E62B9B223CA89D00E5D352 /* GameScene.sks */,
				78E62B9D223CA89D00E5D352 /* Actions.sks */,
				78E62B9F223CA89D00E5D352 /* GameScene.swift */,
				78E62BA1223CA89D00E5D352 /* GameViewController.swift */,
				78E62BA3223CA89D00E5D352 /* Main.storyboard */,
				78E62BA6223CA89D00E5D352 /* Assets.xcassets */,
				78E62BA8223CA89D00E5D352 /* LaunchScreen.storyboard */,
				78E62BAB223CA89D00E5D352 /* Info.plist */,
			);
			path = test1;
			sourceTree = "<group>";
		};
		78E62BB3223CA89E00E5D352 /* test1Tests */ = {
			isa = PBXGroup;
			children = (
				78E62BB4223CA89E00E5D352 /* test1Tests.swift */,
				78E62BB6223CA89E00E5D352 /* Info.plist */,
			);
			path = test1Tests;
			sourceTree = "<group>";
		};
		78E62BBE223CA89E00E5D352 /* test1UITests */ = {
			isa = PBXGroup;
			children = (
				78E62BBF223CA89E00E5D352 /* test1UITests.swift */,
				78E62BC1223CA89E00E5D352 /* Info.plist */,
			);
			path = test1UITests;
			sourceTree = "<group>";
		};
/* End PBXGroup section */

/* Begin PBXNativeTarget section */
		78E62B95223CA89D00E5D352 /* test1 */ = {
			isa = PBXNativeTarget;
			buildConfigurationList = 78E62BC4223CA89E00E5D352 /* Build configuration list for PBXNativeTarget "test1" */;
			buildPhases = (
				78E62B92223CA89D00E5D352 /* Sources */,
				78E62B93223CA89D00E5D352 /* Frameworks */,
				78E62B94223CA89D00E5D352 /* Resources */,
			);
			buildRules = (
			);
			dependencies = (
			);
			name = test1;
			productName = test1;
			productReference = 78E62B96223CA89D00E5D352 /* test1.app */;
			productType = "com.apple.product-type.application";
		};
		78E62BAF223CA89D00E5D352 /* test1Tests */ = {
			isa = PBXNativeTarget;
			buildConfigurationList = 78E62BC7223CA89E00E5D352 /* Build configuration list for PBXNativeTarget "test1Tests" */;
			buildPhases = (
				78E62BAC223CA89D00E5D352 /* Sources */,
				78E62BAD223CA89D00E5D352 /* Frameworks */,
				78E62BAE223CA89D00E5D352 /* Resources */,
			);
			buildRules = (
			);
			dependencies = (
				78E62BB2223CA89D00E5D352 /* PBXTargetDependency */,
			);
			name = test1Tests;
			productName = test1Tests;
			productReference = 78E62BB0223CA89D00E5D352 /* test1Tests.xctest */;
			productType = "com.apple.product-type.bundle.unit-test";
		};
		78E62BBA223CA89E00E5D352 /* test1UITests */ = {
			isa = PBXNativeTarget;
			buildConfigurationList = 78E62BCA223CA89E00E5D352 /* Build configuration list for PBXNativeTarget "test1UITests" */;
			buildPhases = (
				78E62BB7223CA89E00E5D352 /* Sources */,
				78E62BB8223CA89E00E5D352 /* Frameworks */,
				78E62BB9223CA89E00E5D352 /* Resources */,
			);
			buildRules = (
			);
			dependencies = (
				78E62BBD223CA89E00E5D352 /* PBXTargetDependency */,
			);
			name = test1UITests;
			productName = test1UITests;
			productReference = 78E62BBB223CA89E00E5D352 /* test1UITests.xctest */;
			productType = "com.apple.product-type.bundle.ui-testing";
		};
/* End PBXNativeTarget section */

/* Begin PBXProject section */
		78E62B8E223CA89D00E5D352 /* Project object */ = {
			isa = PBXProject;
			attributes = {
				LastSwiftUpdateCheck = 1010;
				LastUpgradeCheck = 1010;
				ORGANIZATIONNAME = hqy2000;
				TargetAttributes = {
					78E62B95223CA89D00E5D352 = {
						CreatedOnToolsVersion = 10.1;
					};
					78E62BAF223CA89D00E5D352 = {
						CreatedOnToolsVersion = 10.1;
						TestTargetID = 78E62B95223CA89D00E5D352;
					};
					78E62BBA223CA89E00E5D352 = {
						CreatedOnToolsVersion = 10.1;
						TestTargetID = 78E62B95223CA89D00E5D352;
					};
				};
			};
			buildConfigurationList = 78E62B91223CA89D00E5D352 /* Build configuration list for PBXProject "test1" */;
			compatibilityVersion = "Xcode 9.3";
			developmentRegion = en;
			hasScannedForEncodings = 0;
			knownRegions = (
				en,
				Base,
			);
			mainGroup = 78E62B8D223CA89D00E5D352;
			productRefGroup = 78E62B97223CA89D00E5D352 /* Products */;
			projectDirPath = "";
			projectRoot = "";
			targets = (
				78E62B95223CA89D00E5D352 /* test1 */,
				78E62BAF223CA89D00E5D352 /* test1Tests */,
				78E62BBA223CA89E00E5D352 /* test1UITests */,
			);
		};
/* End PBXProject section */

/* Begin PBXResourcesBuildPhase section */
		78E62B94223CA89D00E5D352 /* Resources */ = {
			isa = PBXResourcesBuildPhase;
			buildActionMask = 2147483647;
			files = (
				78E62BA5223CA89D00E5D352 /* Main.storyboard in Resources */,
				78E62B9C223CA89D00E5D352 /* GameScene.sks in Resources */,
				78E62BA7223CA89D00E5D352 /* Assets.xcassets in Resources */,
				78E62BAA223CA89D00E5D352 /* LaunchScreen.storyboard in Resources */,
				78E62B9E223CA89D00E5D352 /* Actions.sks in Resources */,
			);
			runOnlyForDeploymentPostprocessing = 0;
		};
		78E62BAE223CA89D00E5D352 /* Resources */ = {
			isa = PBXResourcesBuildPhase;
			buildActionMask = 2147483647;
			files = (
			);
			runOnlyForDeploymentPostprocessing = 0;
		};
		78E62BB9223CA89E00E5D352 /* Resources */ = {
			isa = PBXResourcesBuildPhase;
			buildActionMask = 2147483647;
			files = (
			);
			runOnlyForDeploymentPostprocessing = 0;
		};
/* End PBXResourcesBuildPhase section */

/* Begin PBXSourcesBuildPhase section */
		78E62B92223CA89D00E5D352 /* Sources */ = {
			isa = PBXSourcesBuildPhase;
			buildActionMask = 2147483647;
			files = (
				785DBACE223CD26100E435D5 /* TrainNode.swift in Sources */,
				78E62BA0223CA89D00E5D352 /* GameScene.swift in Sources */,
				785DBACA223CCDF200E435D5 /* StationNode.swift in Sources */,
				78E62BA2223CA89D00E5D352 /* GameViewController.swift in Sources */,
				785DBACC223CD1F200E435D5 /* BlockNode.swift in Sources */,
				78E62B9A223CA89D00E5D352 /* AppDelegate.swift in Sources */,
				785DBAC8223CC56A00E435D5 /* TrackNode.swift in Sources */,
			);
			runOnlyForDeploymentPostprocessing = 0;
		};
		78E62BAC223CA89D00E5D352 /* Sources */ = {
			isa = PBXSourcesBuildPhase;
			buildActionMask = 2147483647;
			files = (
				78E62BB5223CA89E00E5D352 /* test1Tests.swift in Sources */,
			);
			runOnlyForDeploymentPostprocessing = 0;
		};
		78E62BB7223CA89E00E5D352 /* Sources */ = {
			isa = PBXSourcesBuildPhase;
			buildActionMask = 2147483647;
			files = (
				78E62BC0223CA89E00E5D352 /* test1UITests.swift in Sources */,
			);
			runOnlyForDeploymentPostprocessing = 0;
		};
/* End PBXSourcesBuildPhase section */

/* Begin PBXTargetDependency section */
		78E62BB2223CA89D00E5D352 /* PBXTargetDependency */ = {
			isa = PBXTargetDependency;
			target = 78E62B95223CA89D00E5D352 /* test1 */;
			targetProxy = 78E62BB1223CA89D00E5D352 /* PBXContainerItemProxy */;
		};
		78E62BBD223CA89E00E5D352 /* PBXTargetDependency */ = {
			isa = PBXTargetDependency;
			target = 78E62B95223CA89D00E5D352 /* test1 */;
			targetProxy = 78E62BBC223CA89E00E5D352 /* PBXContainerItemProxy */;
		};
/* End PBXTargetDependency section */

/* Begin PBXVariantGroup section */
		78E62BA3223CA89D00E5D352 /* Main.storyboard */ = {
			isa = PBXVariantGroup;
			children = (
				78E62BA4223CA89D00E5D352 /* Base */,
			);
			name = Main.storyboard;
			sourceTree = "<group>";
		};
		78E62BA8223CA89D00E5D352 /* LaunchScreen.storyboard */ = {
			isa = PBXVariantGroup;
			children = (
				78E62BA9223CA89D00E5D352 /* Base */,
			);
			name = LaunchScreen.storyboard;
			sourceTree = "<group>";
		};
/* End PBXVariantGroup section */

/* Begin XCBuildConfiguration section */
		78E62BC2223CA89E00E5D352 /* Debug */ = {
			isa = XCBuildConfiguration;
			buildSettings = {
				ALWAYS_SEARCH_USER_PATHS = NO;
				CLANG_ANALYZER_NONNULL = YES;
				CLANG_ANALYZER_NUMBER_OBJECT_CONVERSION = YES_AGGRESSIVE;
				CLANG_CXX_LANGUAGE_STANDARD = "gnu++14";
				CLANG_CXX_LIBRARY = "libc++";
				CLANG_ENABLE_MODULES = YES;
				CLANG_ENABLE_OBJC_ARC = YES;
				CLANG_ENABLE_OBJC_WEAK = YES;
				CLANG_WARN_BLOCK_CAPTURE_AUTORELEASING = YES;
				CLANG_WARN_BOOL_CONVERSION = YES;
				CLANG_WARN_COMMA = YES;
				CLANG_WARN_CONSTANT_CONVERSION = YES;
				CLANG_WARN_DEPRECATED_OBJC_IMPLEMENTATIONS = YES;
				CLANG_WARN_DIRECT_OBJC_ISA_USAGE = YES_ERROR;
				CLANG_WARN_DOCUMENTATION_COMMENTS = YES;
				CLANG_WARN_EMPTY_BODY = YES;
				CLANG_WARN_ENUM_CONVERSION = YES;
				CLANG_WARN_INFINITE_RECURSION = YES;
				CLANG_WARN_INT_CONVERSION = YES;
				CLANG_WARN_NON_LITERAL_NULL_CONVERSION = YES;
				CLANG_WARN_OBJC_IMPLICIT_RETAIN_SELF = YES;
				CLANG_WARN_OBJC_LITERAL_CONVERSION = YES;
				CLANG_WARN_OBJC_ROOT_CLASS = YES_ERROR;
				CLANG_WARN_RANGE_LOOP_ANALYSIS = YES;
				CLANG_WARN_STRICT_PROTOTYPES = YES;
				CLANG_WARN_SUSPICIOUS_MOVE = YES;
				CLANG_WARN_UNGUARDED_AVAILABILITY = YES_AGGRESSIVE;
				CLANG_WARN_UNREACHABLE_CODE = YES;
				CLANG_WARN__DUPLICATE_METHOD_MATCH = YES;
				CODE_SIGN_IDENTITY = "iPhone Developer";
				COPY_PHASE_STRIP = NO;
				DEBUG_INFORMATION_FORMAT = dwarf;
				ENABLE_STRICT_OBJC_MSGSEND = YES;
				ENABLE_TESTABILITY = YES;
				GCC_C_LANGUAGE_STANDARD = gnu11;
				GCC_DYNAMIC_NO_PIC = NO;
				GCC_NO_COMMON_BLOCKS = YES;
				GCC_OPTIMIZATION_LEVEL = 0;
				GCC_PREPROCESSOR_DEFINITIONS = (
					"DEBUG=1",
					"$(inherited)",
				);
				GCC_WARN_64_TO_32_BIT_CONVERSION = YES;
				GCC_WARN_ABOUT_RETURN_TYPE = YES_ERROR;
				GCC_WARN_UNDECLARED_SELECTOR = YES;
				GCC_WARN_UNINITIALIZED_AUTOS = YES_AGGRESSIVE;
				GCC_WARN_UNUSED_FUNCTION = YES;
				GCC_WARN_UNUSED_VARIABLE = YES;
				IPHONEOS_DEPLOYMENT_TARGET = 12.1;
				MTL_ENABLE_DEBUG_INFO = INCLUDE_SOURCE;
				MTL_FAST_MATH = YES;
				ONLY_ACTIVE_ARCH = YES;
				SDKROOT = iphoneos;
				SWIFT_ACTIVE_COMPILATION_CONDITIONS = DEBUG;
				SWIFT_OPTIMIZATION_LEVEL = "-Onone";
			};
			name = Debug;
		};
		78E62BC3223CA89E00E5D352 /* Release */ = {
			isa = XCBuildConfiguration;
			buildSettings = {
				ALWAYS_SEARCH_USER_PATHS = NO;
				CLANG_ANALYZER_NONNULL = YES;
				CLANG_ANALYZER_NUMBER_OBJECT_CONVERSION = YES_AGGRESSIVE;
				CLANG_CXX_LANGUAGE_STANDARD = "gnu++14";
				CLANG_CXX_LIBRARY = "libc++";
				CLANG_ENABLE_MODULES = YES;
				CLANG_ENABLE_OBJC_ARC = YES;
				CLANG_ENABLE_OBJC_WEAK = YES;
				CLANG_WARN_BLOCK_CAPTURE_AUTORELEASING = YES;
				CLANG_WARN_BOOL_CONVERSION = YES;
				CLANG_WARN_COMMA = YES;
				CLANG_WARN_CONSTANT_CONVERSION = YES;
				CLANG_WARN_DEPRECATED_OBJC_IMPLEMENTATIONS = YES;
				CLANG_WARN_DIRECT_OBJC_ISA_USAGE = YES_ERROR;
				CLANG_WARN_DOCUMENTATION_COMMENTS = YES;
				CLANG_WARN_EMPTY_BODY = YES;
				CLANG_WARN_ENUM_CONVERSION = YES;
				CLANG_WARN_INFINITE_RECURSION = YES;
				CLANG_WARN_INT_CONVERSION = YES;
				CLANG_WARN_NON_LITERAL_NULL_CONVERSION = YES;
				CLANG_WARN_OBJC_IMPLICIT_RETAIN_SELF = YES;
				CLANG_WARN_OBJC_LITERAL_CONVERSION = YES;
				CLANG_WARN_OBJC_ROOT_CLASS = YES_ERROR;
				CLANG_WARN_RANGE_LOOP_ANALYSIS = YES;
				CLANG_WARN_STRICT_PROTOTYPES = YES;
				CLANG_WARN_SUSPICIOUS_MOVE = YES;
				CLANG_WARN_UNGUARDED_AVAILABILITY = YES_AGGRESSIVE;
				CLANG_WARN_UNREACHABLE_CODE = YES;
				CLANG_WARN__DUPLICATE_METHOD_MATCH = YES;
				CODE_SIGN_IDENTITY = "iPhone Developer";
				COPY_PHASE_STRIP = NO;
				DEBUG_INFORMATION_FORMAT = "dwarf-with-dsym";
				ENABLE_NS_ASSERTIONS = NO;
				ENABLE_STRICT_OBJC_MSGSEND = YES;
				GCC_C_LANGUAGE_STANDARD = gnu11;
				GCC_NO_COMMON_BLOCKS = YES;
				GCC_WARN_64_TO_32_BIT_CONVERSION = YES;
				GCC_WARN_ABOUT_RETURN_TYPE = YES_ERROR;
				GCC_WARN_UNDECLARED_SELECTOR = YES;
				GCC_WARN_UNINITIALIZED_AUTOS = YES_AGGRESSIVE;
				GCC_WARN_UNUSED_FUNCTION = YES;
				GCC_WARN_UNUSED_VARIABLE = YES;
				IPHONEOS_DEPLOYMENT_TARGET = 12.1;
				MTL_ENABLE_DEBUG_INFO = NO;
				MTL_FAST_MATH = YES;
				SDKROOT = iphoneos;
				SWIFT_COMPILATION_MODE = wholemodule;
				SWIFT_OPTIMIZATION_LEVEL = "-O";
				VALIDATE_PRODUCT = YES;
			};
			name = Release;
		};
		78E62BC5223CA89E00E5D352 /* Debug */ = {
			isa = XCBuildConfiguration;
			buildSettings = {
				ASSETCATALOG_COMPILER_APPICON_NAME = AppIcon;
				CODE_SIGN_STYLE = Automatic;
				DEVELOPMENT_TEAM = K2P3533G4D;
				INFOPLIST_FILE = test1/Info.plist;
				LD_RUNPATH_SEARCH_PATHS = (
					"$(inherited)",
					"@executable_path/Frameworks",
				);
				PRODUCT_BUNDLE_IDENTIFIER = moe.hqy.test1;
				PRODUCT_NAME = "$(TARGET_NAME)";
				SWIFT_VERSION = 4.2;
				TARGETED_DEVICE_FAMILY = "1,2";
			};
			name = Debug;
		};
		78E62BC6223CA89E00E5D352 /* Release */ = {
			isa = XCBuildConfiguration;
			buildSettings = {
				ASSETCATALOG_COMPILER_APPICON_NAME = AppIcon;
				CODE_SIGN_STYLE = Automatic;
				DEVELOPMENT_TEAM = K2P3533G4D;
				INFOPLIST_FILE = test1/Info.plist;
				LD_RUNPATH_SEARCH_PATHS = (
					"$(inherited)",
					"@executable_path/Frameworks",
				);
				PRODUCT_BUNDLE_IDENTIFIER = moe.hqy.test1;
				PRODUCT_NAME = "$(TARGET_NAME)";
				SWIFT_VERSION = 4.2;
				TARGETED_DEVICE_FAMILY = "1,2";
			};
			name = Release;
		};
		78E62BC8223CA89E00E5D352 /* Debug */ = {
			isa = XCBuildConfiguration;
			buildSettings = {
				ALWAYS_EMBED_SWIFT_STANDARD_LIBRARIES = YES;
				BUNDLE_LOADER = "$(TEST_HOST)";
				CODE_SIGN_STYLE = Automatic;
				INFOPLIST_FILE = test1Tests/Info.plist;
				LD_RUNPATH_SEARCH_PATHS = (
					"$(inherited)",
					"@executable_path/Frameworks",
					"@loader_path/Frameworks",
				);
				PRODUCT_BUNDLE_IDENTIFIER = moe.hqy.test1Tests;
				PRODUCT_NAME = "$(TARGET_NAME)";
				SWIFT_VERSION = 4.2;
				TARGETED_DEVICE_FAMILY = "1,2";
				TEST_HOST = "$(BUILT_PRODUCTS_DIR)/test1.app/test1";
			};
			name = Debug;
		};
		78E62BC9223CA89E00E5D352 /* Release */ = {
			isa = XCBuildConfiguration;
			buildSettings = {
				ALWAYS_EMBED_SWIFT_STANDARD_LIBRARIES = YES;
				BUNDLE_LOADER = "$(TEST_HOST)";
				CODE_SIGN_STYLE = Automatic;
				INFOPLIST_FILE = test1Tests/Info.plist;
				LD_RUNPATH_SEARCH_PATHS = (
					"$(inherited)",
					"@executable_path/Frameworks",
					"@loader_path/Frameworks",
				);
				PRODUCT_BUNDLE_IDENTIFIER = moe.hqy.test1Tests;
				PRODUCT_NAME = "$(TARGET_NAME)";
				SWIFT_VERSION = 4.2;
				TARGETED_DEVICE_FAMILY = "1,2";
				TEST_HOST = "$(BUILT_PRODUCTS_DIR)/test1.app/test1";
			};
			name = Release;
		};
		78E62BCB223CA89E00E5D352 /* Debug */ = {
			isa = XCBuildConfiguration;
			buildSettings = {
				ALWAYS_EMBED_SWIFT_STANDARD_LIBRARIES = YES;
				CODE_SIGN_STYLE = Automatic;
				INFOPLIST_FILE = test1UITests/Info.plist;
				LD_RUNPATH_SEARCH_PATHS = (
					"$(inherited)",
					"@executable_path/Frameworks",
					"@loader_path/Frameworks",
				);
				PRODUCT_BUNDLE_IDENTIFIER = moe.hqy.test1UITests;
				PRODUCT_NAME = "$(TARGET_NAME)";
				SWIFT_VERSION = 4.2;
				TARGETED_DEVICE_FAMILY = "1,2";
				TEST_TARGET_NAME = test1;
			};
			name = Debug;
		};
		78E62BCC223CA89E00E5D352 /* Release */ = {
			isa = XCBuildConfiguration;
			buildSettings = {
				ALWAYS_EMBED_SWIFT_STANDARD_LIBRARIES = YES;
				CODE_SIGN_STYLE = Automatic;
				INFOPLIST_FILE = test1UITests/Info.plist;
				LD_RUNPATH_SEARCH_PATHS = (
					"$(inherited)",
					"@executable_path/Frameworks",
					"@loader_path/Frameworks",
				);
				PRODUCT_BUNDLE_IDENTIFIER = moe.hqy.test1UITests;
				PRODUCT_NAME = "$(TARGET_NAME)";
				SWIFT_VERSION = 4.2;
				TARGETED_DEVICE_FAMILY = "1,2";
				TEST_TARGET_NAME = test1;
			};
			name = Release;
		};
/* End XCBuildConfiguration section */

/* Begin XCConfigurationList section */
		78E62B91223CA89D00E5D352 /* Build configuration list for PBXProject "test1" */ = {
			isa = XCConfigurationList;
			buildConfigurations = (
				78E62BC2223CA89E00E5D352 /* Debug */,
				78E62BC3223CA89E00E5D352 /* Release */,
			);
			defaultConfigurationIsVisible = 0;
			defaultConfigurationName = Release;
		};
		78E62BC4223CA89E00E5D352 /* Build configuration list for PBXNativeTarget "test1" */ = {
			isa = XCConfigurationList;
			buildConfigurations = (
				78E62BC5223CA89E00E5D352 /* Debug */,
				78E62BC6223CA89E00E5D352 /* Release */,
			);
			defaultConfigurationIsVisible = 0;
			defaultConfigurationName = Release;
		};
		78E62BC7223CA89E00E5D352 /* Build configuration list for PBXNativeTarget "test1Tests" */ = {
			isa = XCConfigurationList;
			buildConfigurations = (
				78E62BC8223CA89E00E5D352 /* Debug */,
				78E62BC9223CA89E00E5D352 /* Release */,
			);
			defaultConfigurationIsVisible = 0;
			defaultConfigurationName = Release;
		};
		78E62BCA223CA89E00E5D352 /* Build configuration list for PBXNativeTarget "test1UITests" */ = {
			isa = XCConfigurationList;
			buildConfigurations = (
				78E62BCB223CA89E00E5D352 /* Debug */,
				78E62BCC223CA89E00E5D352 /* Release */,
			);
			defaultConfigurationIsVisible = 0;
			defaultConfigurationName = Release;
		};
/* End XCConfigurationList section */
	};
	rootObject = 78E62B8E223CA89D00E5D352 /* Project object */;
}
